
Microsoft Visual Studio Solution File, Format Version 12.00
# Visual Studio Version 16
VisualStudioVersion = 16.0.30413.136
MinimumVisualStudioVersion = 10.0.40219.1
Project("{FAE04EC0-301F-11D3-BF4B-00C04F79EFBC}") = "WebApiDemo", "WebApiDemo\WebApiDemo.csproj", "{87657F7D-DDC9-4136-8068-C7DE74AF7DC7}"
EndProject
Global
	GlobalSection(SolutionConfigurationPlatforms) = preSolution
		Debug|Any CPU = Debug|Any CPU
		Release|Any CPU = Release|Any CPU
	EndGlobalSection
	GlobalSection(ProjectConfigurationPlatforms) = postSolution
		{87657F7D-DDC9-4136-8068-C7DE74AF7DC7}.Debug|Any CPU.ActiveCfg = Debug|Any CPU
		{87657F7D-DDC9-4136-8068-C7DE74AF7DC7}.Debug|Any CPU.Build.0 = Debug|Any CPU
		{87657F7D-DDC9-4136-8068-C7DE74AF7DC7}.Release|Any CPU.ActiveCfg = Release|Any CPU
		{87657F7D-DDC9-4136-8068-C7DE74AF7DC7}.Release|Any CPU.Build.0 = Release|Any CPU
	EndGlobalSection
	GlobalSection(SolutionProperties) = preSolution
		HideSolutionNode = FALSE
	EndGlobalSection
	GlobalSection(ExtensibilityGlobals) = postSolution
		SolutionGuid = {BC6F55FE-4A4E-4111-9E06-FD74F784D227}
	EndGlobalSection
EndGlobal
